
Microsoft Visual Studio Solution File, Format Version 12.00
# Visual Studio Version 17
VisualStudioVersion = 17.4.33213.308
MinimumVisualStudioVersion = 10.0.40219.1
Project("{FAE04EC0-301F-11D3-BF4B-00C04F79EFBC}") = "Диплом", "Диплом.csproj", "{E5CF0E1F-DB9A-4AD7-AF3E-55598FF6145C}"
EndProject
Global
	GlobalSection(SolutionConfigurationPlatforms) = preSolution
		Debug|Any CPU = Debug|Any CPU
		Release|Any CPU = Release|Any CPU
	EndGlobalSection
	GlobalSection(ProjectConfigurationPlatforms) = postSolution
		{E5CF0E1F-DB9A-4AD7-AF3E-55598FF6145C}.Debug|Any CPU.ActiveCfg = Debug|Any CPU
		{E5CF0E1F-DB9A-4AD7-AF3E-55598FF6145C}.Debug|Any CPU.Build.0 = Debug|Any CPU
		{E5CF0E1F-DB9A-4AD7-AF3E-55598FF6145C}.Release|Any CPU.ActiveCfg = Release|Any CPU
		{E5CF0E1F-DB9A-4AD7-AF3E-55598FF6145C}.Release|Any CPU.Build.0 = Release|Any CPU
	EndGlobalSection
	GlobalSection(SolutionProperties) = preSolution
		HideSolutionNode = FALSE
	EndGlobalSection
	GlobalSection(ExtensibilityGlobals) = postSolution
		SolutionGuid = {CD3BC111-46D1-4AB9-9772-37661352D06F}
	EndGlobalSection
EndGlobal
